
Microsoft Visual Studio Solution File, Format Version 12.00
# Visual Studio Version 17
VisualStudioVersion = 17.0.31903.59
MinimumVisualStudioVersion = 10.0.40219.1
Project("{FAE04EC0-301F-11D3-BF4B-00C04F79EFBC}") = "ByteBank.SistemaAgencia", "ByteBank.SistemaAgencia\ByteBank.SistemaAgencia.csproj", "{85016D04-72C6-4E2E-8132-FCD995547450}"
EndProject
Project("{FAE04EC0-301F-11D3-BF4B-00C04F79EFBC}") = "ByteBank.Modelos", "ByteBank.Modelos\ByteBank.Modelos.csproj", "{0B5E7F1E-76DE-40FA-B541-37F5E99EE14D}"
EndProject
Global
	GlobalSection(SolutionConfigurationPlatforms) = preSolution
		Debug|Any CPU = Debug|Any CPU
		Release|Any CPU = Release|Any CPU
	EndGlobalSection
	GlobalSection(ProjectConfigurationPlatforms) = postSolution
		{85016D04-72C6-4E2E-8132-FCD995547450}.Debug|Any CPU.ActiveCfg = Debug|Any CPU
		{85016D04-72C6-4E2E-8132-FCD995547450}.Debug|Any CPU.Build.0 = Debug|Any CPU
		{85016D04-72C6-4E2E-8132-FCD995547450}.Release|Any CPU.ActiveCfg = Release|Any CPU
		{85016D04-72C6-4E2E-8132-FCD995547450}.Release|Any CPU.Build.0 = Release|Any CPU
		{0B5E7F1E-76DE-40FA-B541-37F5E99EE14D}.Debug|Any CPU.ActiveCfg = Debug|Any CPU
		{0B5E7F1E-76DE-40FA-B541-37F5E99EE14D}.Debug|Any CPU.Build.0 = Debug|Any CPU
		{0B5E7F1E-76DE-40FA-B541-37F5E99EE14D}.Release|Any CPU.ActiveCfg = Release|Any CPU
		{0B5E7F1E-76DE-40FA-B541-37F5E99EE14D}.Release|Any CPU.Build.0 = Release|Any CPU
	EndGlobalSection
	GlobalSection(SolutionProperties) = preSolution
		HideSolutionNode = FALSE
	EndGlobalSection
	GlobalSection(ExtensibilityGlobals) = postSolution
		SolutionGuid = {861470AF-91C4-4E1F-A393-BEAD8F3B61B1}
	EndGlobalSection
EndGlobal
